
Microsoft Visual Studio Solution File, Format Version 12.00
# Visual Studio Version 17
VisualStudioVersion = 17.3.32922.545
MinimumVisualStudioVersion = 10.0.40219.1
Project("{8BC9CEB8-8B4A-11D0-8D11-00A0C91BC942}") = "WDP 28.11.2022", "WDP 28.11.2022.vcxproj", "{165EB0E2-85A2-41A7-9300-3055AC954AC7}"
EndProject
Global
	GlobalSection(SolutionConfigurationPlatforms) = preSolution
		Debug|x64 = Debug|x64
		Debug|x86 = Debug|x86
		Release|x64 = Release|x64
		Release|x86 = Release|x86
	EndGlobalSection
	GlobalSection(ProjectConfigurationPlatforms) = postSolution
		{165EB0E2-85A2-41A7-9300-3055AC954AC7}.Debug|x64.ActiveCfg = Debug|x64
		{165EB0E2-85A2-41A7-9300-3055AC954AC7}.Debug|x64.Build.0 = Debug|x64
		{165EB0E2-85A2-41A7-9300-3055AC954AC7}.Debug|x86.ActiveCfg = Debug|Win32
		{165EB0E2-85A2-41A7-9300-3055AC954AC7}.Debug|x86.Build.0 = Debug|Win32
		{165EB0E2-85A2-41A7-9300-3055AC954AC7}.Release|x64.ActiveCfg = Release|x64
		{165EB0E2-85A2-41A7-9300-3055AC954AC7}.Release|x64.Build.0 = Release|x64
		{165EB0E2-85A2-41A7-9300-3055AC954AC7}.Release|x86.ActiveCfg = Release|Win32
		{165EB0E2-85A2-41A7-9300-3055AC954AC7}.Release|x86.Build.0 = Release|Win32
	EndGlobalSection
	GlobalSection(SolutionProperties) = preSolution
		HideSolutionNode = FALSE
	EndGlobalSection
	GlobalSection(ExtensibilityGlobals) = postSolution
		SolutionGuid = {9111FD41-C4BE-4B0A-B5F8-7ADD97F34197}
	EndGlobalSection
EndGlobal
