
Microsoft Visual Studio Solution File, Format Version 12.00
# Visual Studio Version 17
VisualStudioVersion = 17.3.32922.545
MinimumVisualStudioVersion = 10.0.40219.1
Project("{8BC9CEB8-8B4A-11D0-8D11-00A0C91BC942}") = "12.12.2022 wypisz max nalezy zawiera unikat suma srednia podzielna 6-pkt", "12.12.2022 wypisz max nalezy zawiera unikat suma srednia podzielna 6-pkt.vcxproj", "{262397E7-D708-4231-A095-6E8A3001E4F5}"
EndProject
Global
	GlobalSection(SolutionConfigurationPlatforms) = preSolution
		Debug|x64 = Debug|x64
		Debug|x86 = Debug|x86
		Release|x64 = Release|x64
		Release|x86 = Release|x86
	EndGlobalSection
	GlobalSection(ProjectConfigurationPlatforms) = postSolution
		{262397E7-D708-4231-A095-6E8A3001E4F5}.Debug|x64.ActiveCfg = Debug|x64
		{262397E7-D708-4231-A095-6E8A3001E4F5}.Debug|x64.Build.0 = Debug|x64
		{262397E7-D708-4231-A095-6E8A3001E4F5}.Debug|x86.ActiveCfg = Debug|Win32
		{262397E7-D708-4231-A095-6E8A3001E4F5}.Debug|x86.Build.0 = Debug|Win32
		{262397E7-D708-4231-A095-6E8A3001E4F5}.Release|x64.ActiveCfg = Release|x64
		{262397E7-D708-4231-A095-6E8A3001E4F5}.Release|x64.Build.0 = Release|x64
		{262397E7-D708-4231-A095-6E8A3001E4F5}.Release|x86.ActiveCfg = Release|Win32
		{262397E7-D708-4231-A095-6E8A3001E4F5}.Release|x86.Build.0 = Release|Win32
	EndGlobalSection
	GlobalSection(SolutionProperties) = preSolution
		HideSolutionNode = FALSE
	EndGlobalSection
	GlobalSection(ExtensibilityGlobals) = postSolution
		SolutionGuid = {C2072AA9-936E-45A5-A874-427B9A136293}
	EndGlobalSection
EndGlobal
